
Microsoft Visual Studio Solution File, Format Version 12.00
# Visual Studio Version 17
VisualStudioVersion = 17.11.34909.67
MinimumVisualStudioVersion = 10.0.40219.1
Project("{8BC9CEB8-8B4A-11D0-8D11-00A0C91BC942}") = "10 - OOP as it Should Be (Concepts)", "10 - OOP as it Should Be (Concepts)\10 - OOP as it Should Be (Concepts).vcxproj", "{0F1AA817-1679-4253-93AD-066F372F1BA2}"
EndProject
Project("{8BC9CEB8-8B4A-11D0-8D11-00A0C91BC942}") = "Access Specifiers Modifiers", "Access Specifiers Modifiers\Access Specifiers Modifiers.vcxproj", "{9C22248C-B47C-40D4-B6F5-861B042B5A8B}"
EndProject
Project("{8BC9CEB8-8B4A-11D0-8D11-00A0C91BC942}") = "Properties Set and Get", "Properties Set and Get\Properties Set and Get.vcxproj", "{27B6CFCE-D72D-4AA9-B07F-8B61C4A85656}"
EndProject
Project("{8BC9CEB8-8B4A-11D0-8D11-00A0C91BC942}") = "Properties Set and Get through  '='", "Properties Set and Get through  '='\Properties Set and Get through  '='.vcxproj", "{60286EA0-3494-409E-9557-71D4144895EF}"
EndProject
Project("{8BC9CEB8-8B4A-11D0-8D11-00A0C91BC942}") = "Project 1_ Calculator", "Project 1_ Calculator\Project 1_ Calculator.vcxproj", "{946FF894-4341-4B8E-ABA5-5F50939045A6}"
EndProject
Project("{8BC9CEB8-8B4A-11D0-8D11-00A0C91BC942}") = "Constructors", "Constructors\Constructors.vcxproj", "{B32DB474-958F-4F9F-9089-89B18F883F9F}"
EndProject
Project("{8BC9CEB8-8B4A-11D0-8D11-00A0C91BC942}") = "Copy Constructors", "Copy Constructors\Copy Constructors.vcxproj", "{851D1D68-3ACA-4943-B238-05CBB44E22EC}"
EndProject
Project("{8BC9CEB8-8B4A-11D0-8D11-00A0C91BC942}") = "Static Members", "Static Members\Static Members.vcxproj", "{FA5CDB5C-141F-4B77-8CAB-7AC5247B8260}"
EndProject
Global
	GlobalSection(SolutionConfigurationPlatforms) = preSolution
		Debug|x64 = Debug|x64
		Debug|x86 = Debug|x86
		Release|x64 = Release|x64
		Release|x86 = Release|x86
	EndGlobalSection
	GlobalSection(ProjectConfigurationPlatforms) = postSolution
		{0F1AA817-1679-4253-93AD-066F372F1BA2}.Debug|x64.ActiveCfg = Debug|x64
		{0F1AA817-1679-4253-93AD-066F372F1BA2}.Debug|x64.Build.0 = Debug|x64
		{0F1AA817-1679-4253-93AD-066F372F1BA2}.Debug|x86.ActiveCfg = Debug|Win32
		{0F1AA817-1679-4253-93AD-066F372F1BA2}.Debug|x86.Build.0 = Debug|Win32
		{0F1AA817-1679-4253-93AD-066F372F1BA2}.Release|x64.ActiveCfg = Release|x64
		{0F1AA817-1679-4253-93AD-066F372F1BA2}.Release|x64.Build.0 = Release|x64
		{0F1AA817-1679-4253-93AD-066F372F1BA2}.Release|x86.ActiveCfg = Release|Win32
		{0F1AA817-1679-4253-93AD-066F372F1BA2}.Release|x86.Build.0 = Release|Win32
		{9C22248C-B47C-40D4-B6F5-861B042B5A8B}.Debug|x64.ActiveCfg = Debug|x64
		{9C22248C-B47C-40D4-B6F5-861B042B5A8B}.Debug|x64.Build.0 = Debug|x64
		{9C22248C-B47C-40D4-B6F5-861B042B5A8B}.Debug|x86.ActiveCfg = Debug|Win32
		{9C22248C-B47C-40D4-B6F5-861B042B5A8B}.Debug|x86.Build.0 = Debug|Win32
		{9C22248C-B47C-40D4-B6F5-861B042B5A8B}.Release|x64.ActiveCfg = Release|x64
		{9C22248C-B47C-40D4-B6F5-861B042B5A8B}.Release|x64.Build.0 = Release|x64
		{9C22248C-B47C-40D4-B6F5-861B042B5A8B}.Release|x86.ActiveCfg = Release|Win32
		{9C22248C-B47C-40D4-B6F5-861B042B5A8B}.Release|x86.Build.0 = Release|Win32
		{27B6CFCE-D72D-4AA9-B07F-8B61C4A85656}.Debug|x64.ActiveCfg = Debug|x64
		{27B6CFCE-D72D-4AA9-B07F-8B61C4A85656}.Debug|x64.Build.0 = Debug|x64
		{27B6CFCE-D72D-4AA9-B07F-8B61C4A85656}.Debug|x86.ActiveCfg = Debug|Win32
		{27B6CFCE-D72D-4AA9-B07F-8B61C4A85656}.Debug|x86.Build.0 = Debug|Win32
		{27B6CFCE-D72D-4AA9-B07F-8B61C4A85656}.Release|x64.ActiveCfg = Release|x64
		{27B6CFCE-D72D-4AA9-B07F-8B61C4A85656}.Release|x64.Build.0 = Release|x64
		{27B6CFCE-D72D-4AA9-B07F-8B61C4A85656}.Release|x86.ActiveCfg = Release|Win32
		{27B6CFCE-D72D-4AA9-B07F-8B61C4A85656}.Release|x86.Build.0 = Release|Win32
		{60286EA0-3494-409E-9557-71D4144895EF}.Debug|x64.ActiveCfg = Debug|x64
		{60286EA0-3494-409E-9557-71D4144895EF}.Debug|x64.Build.0 = Debug|x64
		{60286EA0-3494-409E-9557-71D4144895EF}.Debug|x86.ActiveCfg = Debug|Win32
		{60286EA0-3494-409E-9557-71D4144895EF}.Debug|x86.Build.0 = Debug|Win32
		{60286EA0-3494-409E-9557-71D4144895EF}.Release|x64.ActiveCfg = Release|x64
		{60286EA0-3494-409E-9557-71D4144895EF}.Release|x64.Build.0 = Release|x64
		{60286EA0-3494-409E-9557-71D4144895EF}.Release|x86.ActiveCfg = Release|Win32
		{60286EA0-3494-409E-9557-71D4144895EF}.Release|x86.Build.0 = Release|Win32
		{946FF894-4341-4B8E-ABA5-5F50939045A6}.Debug|x64.ActiveCfg = Debug|x64
		{946FF894-4341-4B8E-ABA5-5F50939045A6}.Debug|x64.Build.0 = Debug|x64
		{946FF894-4341-4B8E-ABA5-5F50939045A6}.Debug|x86.ActiveCfg = Debug|Win32
		{946FF894-4341-4B8E-ABA5-5F50939045A6}.Debug|x86.Build.0 = Debug|Win32
		{946FF894-4341-4B8E-ABA5-5F50939045A6}.Release|x64.ActiveCfg = Release|x64
		{946FF894-4341-4B8E-ABA5-5F50939045A6}.Release|x64.Build.0 = Release|x64
		{946FF894-4341-4B8E-ABA5-5F50939045A6}.Release|x86.ActiveCfg = Release|Win32
		{946FF894-4341-4B8E-ABA5-5F50939045A6}.Release|x86.Build.0 = Release|Win32
		{B32DB474-958F-4F9F-9089-89B18F883F9F}.Debug|x64.ActiveCfg = Debug|x64
		{B32DB474-958F-4F9F-9089-89B18F883F9F}.Debug|x64.Build.0 = Debug|x64
		{B32DB474-958F-4F9F-9089-89B18F883F9F}.Debug|x86.ActiveCfg = Debug|Win32
		{B32DB474-958F-4F9F-9089-89B18F883F9F}.Debug|x86.Build.0 = Debug|Win32
		{B32DB474-958F-4F9F-9089-89B18F883F9F}.Release|x64.ActiveCfg = Release|x64
		{B32DB474-958F-4F9F-9089-89B18F883F9F}.Release|x64.Build.0 = Release|x64
		{B32DB474-958F-4F9F-9089-89B18F883F9F}.Release|x86.ActiveCfg = Release|Win32
		{B32DB474-958F-4F9F-9089-89B18F883F9F}.Release|x86.Build.0 = Release|Win32
		{851D1D68-3ACA-4943-B238-05CBB44E22EC}.Debug|x64.ActiveCfg = Debug|x64
		{851D1D68-3ACA-4943-B238-05CBB44E22EC}.Debug|x64.Build.0 = Debug|x64
		{851D1D68-3ACA-4943-B238-05CBB44E22EC}.Debug|x86.ActiveCfg = Debug|Win32
		{851D1D68-3ACA-4943-B238-05CBB44E22EC}.Debug|x86.Build.0 = Debug|Win32
		{851D1D68-3ACA-4943-B238-05CBB44E22EC}.Release|x64.ActiveCfg = Release|x64
		{851D1D68-3ACA-4943-B238-05CBB44E22EC}.Release|x64.Build.0 = Release|x64
		{851D1D68-3ACA-4943-B238-05CBB44E22EC}.Release|x86.ActiveCfg = Release|Win32
		{851D1D68-3ACA-4943-B238-05CBB44E22EC}.Release|x86.Build.0 = Release|Win32
		{FA5CDB5C-141F-4B77-8CAB-7AC5247B8260}.Debug|x64.ActiveCfg = Debug|x64
		{FA5CDB5C-141F-4B77-8CAB-7AC5247B8260}.Debug|x64.Build.0 = Debug|x64
		{FA5CDB5C-141F-4B77-8CAB-7AC5247B8260}.Debug|x86.ActiveCfg = Debug|Win32
		{FA5CDB5C-141F-4B77-8CAB-7AC5247B8260}.Debug|x86.Build.0 = Debug|Win32
		{FA5CDB5C-141F-4B77-8CAB-7AC5247B8260}.Release|x64.ActiveCfg = Release|x64
		{FA5CDB5C-141F-4B77-8CAB-7AC5247B8260}.Release|x64.Build.0 = Release|x64
		{FA5CDB5C-141F-4B77-8CAB-7AC5247B8260}.Release|x86.ActiveCfg = Release|Win32
		{FA5CDB5C-141F-4B77-8CAB-7AC5247B8260}.Release|x86.Build.0 = Release|Win32
	EndGlobalSection
	GlobalSection(SolutionProperties) = preSolution
		HideSolutionNode = FALSE
	EndGlobalSection
	GlobalSection(ExtensibilityGlobals) = postSolution
		SolutionGuid = {BDB73650-D8F9-4F29-8ED5-C651FA5E11FA}
	EndGlobalSection
EndGlobal
